
Microsoft Visual Studio Solution File, Format Version 12.00
# Visual Studio Version 17
VisualStudioVersion = 17.9.34701.34
MinimumVisualStudioVersion = 10.0.40219.1
Project("{9A19103F-16F7-4668-BE54-9A1E7A4F7556}") = "POEPART2", "POEPART1\POEPART2.csproj", "{1A2022B5-2D24-4734-BD49-5DFFAE8DBA70}"
EndProject
Global
	GlobalSection(SolutionConfigurationPlatforms) = preSolution
		Debug|Any CPU = Debug|Any CPU
		Release|Any CPU = Release|Any CPU
	EndGlobalSection
	GlobalSection(ProjectConfigurationPlatforms) = postSolution
		{1A2022B5-2D24-4734-BD49-5DFFAE8DBA70}.Debug|Any CPU.ActiveCfg = Debug|Any CPU
		{1A2022B5-2D24-4734-BD49-5DFFAE8DBA70}.Debug|Any CPU.Build.0 = Debug|Any CPU
		{1A2022B5-2D24-4734-BD49-5DFFAE8DBA70}.Release|Any CPU.ActiveCfg = Release|Any CPU
		{1A2022B5-2D24-4734-BD49-5DFFAE8DBA70}.Release|Any CPU.Build.0 = Release|Any CPU
	EndGlobalSection
	GlobalSection(SolutionProperties) = preSolution
		HideSolutionNode = FALSE
	EndGlobalSection
	GlobalSection(ExtensibilityGlobals) = postSolution
		SolutionGuid = {117A9EF6-5C77-4A57-B12F-1BB98C41F9C6}
	EndGlobalSection
EndGlobal
